
Microsoft Visual Studio Solution File, Format Version 12.00
# Visual Studio Version 17
VisualStudioVersion = 17.5.33414.496
MinimumVisualStudioVersion = 10.0.40219.1
Project("{FAE04EC0-301F-11D3-BF4B-00C04F79EFBC}") = "Gestione_Colletta", "Gestione_Colletta\Gestione_Colletta.csproj", "{066FB0D1-CD71-4D78-80D3-D4A43F02DB10}"
EndProject
Global
	GlobalSection(SolutionConfigurationPlatforms) = preSolution
		Debug|Any CPU = Debug|Any CPU
		Release|Any CPU = Release|Any CPU
	EndGlobalSection
	GlobalSection(ProjectConfigurationPlatforms) = postSolution
		{066FB0D1-CD71-4D78-80D3-D4A43F02DB10}.Debug|Any CPU.ActiveCfg = Debug|Any CPU
		{066FB0D1-CD71-4D78-80D3-D4A43F02DB10}.Debug|Any CPU.Build.0 = Debug|Any CPU
		{066FB0D1-CD71-4D78-80D3-D4A43F02DB10}.Release|Any CPU.ActiveCfg = Release|Any CPU
		{066FB0D1-CD71-4D78-80D3-D4A43F02DB10}.Release|Any CPU.Build.0 = Release|Any CPU
	EndGlobalSection
	GlobalSection(SolutionProperties) = preSolution
		HideSolutionNode = FALSE
	EndGlobalSection
	GlobalSection(ExtensibilityGlobals) = postSolution
		SolutionGuid = {6308B5E6-AF73-4C46-9A6B-06DF24F1F2DE}
	EndGlobalSection
EndGlobal
